{
  "version": 4,
  "terraform_version": "1.3.7",
  "serial": 109,
  "lineage": "bb7c7718-fdfa-9b99-8b6d-7d12951da9f4",
  "outputs": {},
  "resources": [
    {
      "mode": "managed",
      "type": "aviatrix_vpc",
      "name": "spoke-transit-vpcs",
      "provider": "provider[\"registry.terraform.io/aviatrixsystems/aviatrix\"]",
      "instances": [
        {
          "index_key": 0,
          "schema_version": 1,
          "attributes": {
            "account_name": "Sree-AWS",
            "availability_domains": [],
            "aviatrix_firenet_vpc": false,
            "aviatrix_transit_vpc": false,
            "azure_vnet_resource_id": null,
            "cidr": "10.100.1.0/24",
            "cloud_type": 1,
            "enable_native_gwlb": false,
            "enable_private_oob_subnet": false,
            "fault_domains": [],
            "id": "spoke-1-vpc",
            "name": "spoke-1-vpc",
            "num_of_subnet_pairs": null,
            "private_mode_subnets": false,
            "private_subnets": [
              {
                "cidr": "10.100.1.0/28",
                "name": "spoke-1-vpc-Private-1-ap-northeast-1a",
                "subnet_id": "subnet-0b41bd12f986b5b7b"
              },
              {
                "cidr": "10.100.1.16/28",
                "name": "spoke-1-vpc-Private-2-ap-northeast-1c",
                "subnet_id": "subnet-059acac704c13725e"
              },
              {
                "cidr": "10.100.1.32/28",
                "name": "spoke-1-vpc-Private-3-ap-northeast-1d",
                "subnet_id": "subnet-047bf9d90730c3c10"
              }
            ],
            "public_subnets": [
              {
                "cidr": "10.100.1.48/28",
                "name": "spoke-1-vpc-Public-1-ap-northeast-1a",
                "subnet_id": "subnet-091664f19cc92f029"
              },
              {
                "cidr": "10.100.1.64/28",
                "name": "spoke-1-vpc-Public-2-ap-northeast-1c",
                "subnet_id": "subnet-020833435e0a71c20"
              },
              {
                "cidr": "10.100.1.80/28",
                "name": "spoke-1-vpc-Public-3-ap-northeast-1d",
                "subnet_id": "subnet-02a8476fa9ca45aea"
              }
            ],
            "region": "ap-northeast-1",
            "resource_group": null,
            "route_tables": [
              "rtb-009ada03f1840ffd4",
              "rtb-0bbfe3cc5aff3565f",
              "rtb-0bf5f55eb2b03ba0b",
              "rtb-043bebd11f889a4b3",
              "rtb-049243c51bb629551",
              "rtb-088c8ede238483f40",
              "rtb-0ca6b1bf8362af0f5"
            ],
            "subnet_size": null,
            "subnets": [
              {
                "cidr": "10.100.1.0/28",
                "name": "spoke-1-vpc-Private-1-ap-northeast-1a",
                "region": "",
                "subnet_id": "subnet-0b41bd12f986b5b7b"
              },
              {
                "cidr": "10.100.1.16/28",
                "name": "spoke-1-vpc-Private-2-ap-northeast-1c",
                "region": "",
                "subnet_id": "subnet-059acac704c13725e"
              },
              {
                "cidr": "10.100.1.32/28",
                "name": "spoke-1-vpc-Private-3-ap-northeast-1d",
                "region": "",
                "subnet_id": "subnet-047bf9d90730c3c10"
              },
              {
                "cidr": "10.100.1.48/28",
                "name": "spoke-1-vpc-Public-1-ap-northeast-1a",
                "region": "",
                "subnet_id": "subnet-091664f19cc92f029"
              },
              {
                "cidr": "10.100.1.64/28",
                "name": "spoke-1-vpc-Public-2-ap-northeast-1c",
                "region": "",
                "subnet_id": "subnet-020833435e0a71c20"
              },
              {
                "cidr": "10.100.1.80/28",
                "name": "spoke-1-vpc-Public-3-ap-northeast-1d",
                "region": "",
                "subnet_id": "subnet-02a8476fa9ca45aea"
              }
            ],
            "vpc_id": "vpc-0a24bf05d5e46f204"
          },
          "sensitive_attributes": [],
          "private": "eyJzY2hlbWFfdmVyc2lvbiI6IjEifQ=="
        },
        {
          "index_key": 1,
          "schema_version": 1,
          "attributes": {
            "account_name": "Sree-AWS",
            "availability_domains": [],
            "aviatrix_firenet_vpc": false,
            "aviatrix_transit_vpc": false,
            "azure_vnet_resource_id": null,
            "cidr": "10.100.2.0/24",
            "cloud_type": 1,
            "enable_native_gwlb": false,
            "enable_private_oob_subnet": false,
            "fault_domains": [],
            "id": "spoke-2-vpc",
            "name": "spoke-2-vpc",
            "num_of_subnet_pairs": null,
            "private_mode_subnets": false,
            "private_subnets": [
              {
                "cidr": "10.100.2.0/28",
                "name": "spoke-2-vpc-Private-1-ap-northeast-1a",
                "subnet_id": "subnet-01a03b13631eba30f"
              },
              {
                "cidr": "10.100.2.16/28",
                "name": "spoke-2-vpc-Private-2-ap-northeast-1c",
                "subnet_id": "subnet-0ef98274e2fc5c8dd"
              },
              {
                "cidr": "10.100.2.32/28",
                "name": "spoke-2-vpc-Private-3-ap-northeast-1d",
                "subnet_id": "subnet-00f6e33c4f89630d2"
              }
            ],
            "public_subnets": [
              {
                "cidr": "10.100.2.48/28",
                "name": "spoke-2-vpc-Public-1-ap-northeast-1a",
                "subnet_id": "subnet-05b918cc4fc1906d6"
              },
              {
                "cidr": "10.100.2.64/28",
                "name": "spoke-2-vpc-Public-2-ap-northeast-1c",
                "subnet_id": "subnet-04b463f7dc3d25c4b"
              },
              {
                "cidr": "10.100.2.80/28",
                "name": "spoke-2-vpc-Public-3-ap-northeast-1d",
                "subnet_id": "subnet-05bb197956d0a2c56"
              }
            ],
            "region": "ap-northeast-1",
            "resource_group": null,
            "route_tables": [
              "rtb-00d3a5341575aab0d",
              "rtb-00e5c3cc005c5b18f",
              "rtb-04d2106dad8df5878",
              "rtb-047588a41cc8f9de3",
              "rtb-0249db631e54800de",
              "rtb-0c426d6e7f5a03901",
              "rtb-0b055a912f4a5bdf7"
            ],
            "subnet_size": null,
            "subnets": [
              {
                "cidr": "10.100.2.0/28",
                "name": "spoke-2-vpc-Private-1-ap-northeast-1a",
                "region": "",
                "subnet_id": "subnet-01a03b13631eba30f"
              },
              {
                "cidr": "10.100.2.16/28",
                "name": "spoke-2-vpc-Private-2-ap-northeast-1c",
                "region": "",
                "subnet_id": "subnet-0ef98274e2fc5c8dd"
              },
              {
                "cidr": "10.100.2.32/28",
                "name": "spoke-2-vpc-Private-3-ap-northeast-1d",
                "region": "",
                "subnet_id": "subnet-00f6e33c4f89630d2"
              },
              {
                "cidr": "10.100.2.48/28",
                "name": "spoke-2-vpc-Public-1-ap-northeast-1a",
                "region": "",
                "subnet_id": "subnet-05b918cc4fc1906d6"
              },
              {
                "cidr": "10.100.2.64/28",
                "name": "spoke-2-vpc-Public-2-ap-northeast-1c",
                "region": "",
                "subnet_id": "subnet-04b463f7dc3d25c4b"
              },
              {
                "cidr": "10.100.2.80/28",
                "name": "spoke-2-vpc-Public-3-ap-northeast-1d",
                "region": "",
                "subnet_id": "subnet-05bb197956d0a2c56"
              }
            ],
            "vpc_id": "vpc-08fcbb27367214189"
          },
          "sensitive_attributes": [],
          "private": "eyJzY2hlbWFfdmVyc2lvbiI6IjEifQ=="
        }
      ]
    }
  ],
  "check_results": null
}
